<?xml version="1.0" encoding="utf-8"?>
<Project ToolsVersion="4.0" xmlns="http://schemas.microsoft.com/developer/msbuild/2003">
  <ItemGroup>
    <Filter Include="Archivos de origen">
      <UniqueIdentifier>{4FC737F1-C7A5-4376-A066-2A32D752A2FF}</UniqueIdentifier>
      <Extensions>cpp;c;cc;cxx;c++;cppm;ixx;def;odl;idl;hpj;bat;asm;asmx</Extensions>
    </Filter>
    <Filter Include="Archivos de encabezado">
      <UniqueIdentifier>{93995380-89BD-4b04-88EB-625FBE52EBFB}</UniqueIdentifier>
      <Extensions>h;hh;hpp;hxx;h++;hm;inl;inc;ipp;xsd</Extensions>
    </Filter>
    <Filter Include="Archivos de recursos">
      <UniqueIdentifier>{67DA6AB6-F800-4c08-8B7A-83BB121AAD01}</UniqueIdentifier>
      <Extensions>rc;ico;cur;bmp;dlg;rc2;rct;bin;rgs;gif;jpg;jpeg;jpe;resx;tiff;tif;png;wav;mfcribbon-ms</Extensions>
    </Filter>
  </ItemGroup>
  <ItemGroup>
    <ClCompile Include=".H Y .CPP\cCENTRO.cpp">
      <Filter>Archivos de origen</Filter>
    </ClCompile>
    <ClCompile Include=".H Y .CPP\cDONANTE.cpp">
      <Filter>Archivos de origen</Filter>
    </ClCompile>
    <ClCompile Include=".H Y .CPP\cFLUIDO.cpp">
      <Filter>Archivos de origen</Filter>
    </ClCompile>
    <ClCompile Include=".H Y .CPP\cHISTORIAL.cpp">
      <Filter>Archivos de origen</Filter>
    </ClCompile>
    <ClCompile Include=".H Y .CPP\cMEDULA.cpp">
      <Filter>Archivos de origen</Filter>
    </ClCompile>
    <ClCompile Include=".H Y .CPP\cMENU.cpp">
      <Filter>Archivos de origen</Filter>
    </ClCompile>
    <ClCompile Include=".H Y .CPP\cPACIENTE.cpp">
      <Filter>Archivos de origen</Filter>
    </ClCompile>
    <ClCompile Include=".H Y .CPP\cPLASMA.cpp">
      <Filter>Archivos de origen</Filter>
    </ClCompile>
    <ClCompile Include=".H Y .CPP\cRECEPTOR.cpp">
      <Filter>Archivos de origen</Filter>
    </ClCompile>
    <ClCompile Include=".H Y .CPP\cREGISTRO.cpp">
      <Filter>Archivos de origen</Filter>
    </ClCompile>
    <ClCompile Include=".H Y .CPP\cSANGRE.cpp">
      <Filter>Archivos de origen</Filter>
    </ClCompile>
    <ClCompile Include=".H Y .CPP\cTRANSPLANTE.cpp">
      <Filter>Archivos de origen</Filter>
    </ClCompile>
    <ClCompile Include=".H Y .CPP\main.cpp">
      <Filter>Archivos de origen</Filter>
    </ClCompile>
    <ClCompile Include=".H Y .CPP\cBSA.cpp">
      <Filter>Archivos de origen</Filter>
    </ClCompile>
    <ClCompile Include=".H Y .CPP\funciones.cpp">
      <Filter>Archivos de origen</Filter>
    </ClCompile>
  </ItemGroup>
  <ItemGroup>
    <ClInclude Include=".H Y .CPP\cBSA.h">
      <Filter>Archivos de encabezado</Filter>
    </ClInclude>
    <ClInclude Include=".H Y .CPP\cCENTRO.h">
      <Filter>Archivos de encabezado</Filter>
    </ClInclude>
    <ClInclude Include=".H Y .CPP\cDONANTE.h">
      <Filter>Archivos de encabezado</Filter>
    </ClInclude>
    <ClInclude Include=".H Y .CPP\cFLUIDO.h">
      <Filter>Archivos de encabezado</Filter>
    </ClInclude>
    <ClInclude Include=".H Y .CPP\cHISTORIAL.h">
      <Filter>Archivos de encabezado</Filter>
    </ClInclude>
    <ClInclude Include=".H Y .CPP\cMEDULA.h">
      <Filter>Archivos de encabezado</Filter>
    </ClInclude>
    <ClInclude Include=".H Y .CPP\cPACIENTE.h">
      <Filter>Archivos de encabezado</Filter>
    </ClInclude>
    <ClInclude Include=".H Y .CPP\cPLASMA.h">
      <Filter>Archivos de encabezado</Filter>
    </ClInclude>
    <ClInclude Include=".H Y .CPP\cRECEPTOR.h">
      <Filter>Archivos de encabezado</Filter>
    </ClInclude>
    <ClInclude Include=".H Y .CPP\cREGISTRO.h">
      <Filter>Archivos de encabezado</Filter>
    </ClInclude>
    <ClInclude Include=".H Y .CPP\cSANGRE.h">
      <Filter>Archivos de encabezado</Filter>
    </ClInclude>
    <ClInclude Include=".H Y .CPP\cTRANSPLANTE.h">
      <Filter>Archivos de encabezado</Filter>
    </ClInclude>
    <ClInclude Include=".H Y .CPP\eESTADO.h">
      <Filter>Archivos de encabezado</Filter>
    </ClInclude>
    <ClInclude Include=".H Y .CPP\ePRIORIDAD.h">
      <Filter>Archivos de encabezado</Filter>
    </ClInclude>
    <ClInclude Include=".H Y .CPP\ePROVINCIA.h">
      <Filter>Archivos de encabezado</Filter>
    </ClInclude>
    <ClInclude Include=".H Y .CPP\eSEXO.h">
      <Filter>Archivos de encabezado</Filter>
    </ClInclude>
    <ClInclude Include=".H Y .CPP\eTIPO.h">
      <Filter>Archivos de encabezado</Filter>
    </ClInclude>
    <ClInclude Include=".H Y .CPP\funciones.h">
      <Filter>Archivos de encabezado</Filter>
    </ClInclude>
    <ClInclude Include=".H Y .CPP\VECTOR.h">
      <Filter>Archivos de encabezado</Filter>
    </ClInclude>
    <ClInclude Include=".H Y .CPP\eCOLOR.h">
      <Filter>Archivos de encabezado</Filter>
    </ClInclude>
    <ClInclude Include=".H Y .CPP\cMENU.h">
      <Filter>Archivos de encabezado</Filter>
    </ClInclude>
  </ItemGroup>
  <ItemGroup>
    <None Include=".gitignore" />
    <None Include=".H Y .CPP\G01-Forte-Ruiz-TPfinal - Acceso directo.lnk" />
  </ItemGroup>
</Project>